
Microsoft Visual Studio Solution File, Format Version 12.00
# Visual Studio Version 17
VisualStudioVersion = 17.0.32014.148
MinimumVisualStudioVersion = 10.0.40219.1
Project("{FAE04EC0-301F-11D3-BF4B-00C04F79EFBC}") = "githubapp", "githubapp\githubapp.csproj", "{0C8496B6-09DE-4BE4-BF78-037A4E4CC595}"
EndProject
Global
	GlobalSection(SolutionConfigurationPlatforms) = preSolution
		Debug|Any CPU = Debug|Any CPU
		Release|Any CPU = Release|Any CPU
	EndGlobalSection
	GlobalSection(ProjectConfigurationPlatforms) = postSolution
		{0C8496B6-09DE-4BE4-BF78-037A4E4CC595}.Debug|Any CPU.ActiveCfg = Debug|Any CPU
		{0C8496B6-09DE-4BE4-BF78-037A4E4CC595}.Debug|Any CPU.Build.0 = Debug|Any CPU
		{0C8496B6-09DE-4BE4-BF78-037A4E4CC595}.Release|Any CPU.ActiveCfg = Release|Any CPU
		{0C8496B6-09DE-4BE4-BF78-037A4E4CC595}.Release|Any CPU.Build.0 = Release|Any CPU
	EndGlobalSection
	GlobalSection(SolutionProperties) = preSolution
		HideSolutionNode = FALSE
	EndGlobalSection
	GlobalSection(ExtensibilityGlobals) = postSolution
		SolutionGuid = {A46BF92F-FF57-40C0-84B2-A1855E11CE71}
	EndGlobalSection
EndGlobal
